
Microsoft Visual Studio Solution File, Format Version 12.00
# Visual Studio 15
Project("{FAE04EC0-301F-11D3-BF4B-00C04F79EFBC}") = "FooBarQixKata-Interact", "FooBarQixKata-Interact\FooBarQixKata-Interact.csproj", "{B4221E3A-4506-4229-A912-916FF5028EC4}"
EndProject
Project("{FAE04EC0-301F-11D3-BF4B-00C04F79EFBC}") = "FooBarQixKata-Interact-Tests", "FooBarQixKata-Interact-Tests\FooBarQixKata-Interact-Tests.csproj", "{9E084E82-0CBC-405B-B279-7AE6C718A780}"
EndProject
Global
	GlobalSection(SolutionConfigurationPlatforms) = preSolution
		Debug|Any CPU = Debug|Any CPU
		Release|Any CPU = Release|Any CPU
	EndGlobalSection
	GlobalSection(ProjectConfigurationPlatforms) = postSolution
		{B4221E3A-4506-4229-A912-916FF5028EC4}.Debug|Any CPU.ActiveCfg = Debug|Any CPU
		{B4221E3A-4506-4229-A912-916FF5028EC4}.Debug|Any CPU.Build.0 = Debug|Any CPU
		{B4221E3A-4506-4229-A912-916FF5028EC4}.Release|Any CPU.ActiveCfg = Release|Any CPU
		{B4221E3A-4506-4229-A912-916FF5028EC4}.Release|Any CPU.Build.0 = Release|Any CPU
		{9E084E82-0CBC-405B-B279-7AE6C718A780}.Debug|Any CPU.ActiveCfg = Debug|Any CPU
		{9E084E82-0CBC-405B-B279-7AE6C718A780}.Debug|Any CPU.Build.0 = Debug|Any CPU
		{9E084E82-0CBC-405B-B279-7AE6C718A780}.Release|Any CPU.ActiveCfg = Release|Any CPU
		{9E084E82-0CBC-405B-B279-7AE6C718A780}.Release|Any CPU.Build.0 = Release|Any CPU
	EndGlobalSection
EndGlobal
